
Microsoft Visual Studio Solution File, Format Version 12.00
# Visual Studio 15
VisualStudioVersion = 15.0.27703.2000
MinimumVisualStudioVersion = 10.0.40219.1
Project("{888888A0-9F3D-457C-B088-3A5042F75D52}") = "NavigationResearch", "NavigationResearch.pyproj", "{82C268E0-CFAF-415E-AA32-7A50B3F1C66B}"
EndProject
Global
	GlobalSection(SolutionConfigurationPlatforms) = preSolution
		Debug|Any CPU = Debug|Any CPU
		Release|Any CPU = Release|Any CPU
	EndGlobalSection
	GlobalSection(ProjectConfigurationPlatforms) = postSolution
		{82C268E0-CFAF-415E-AA32-7A50B3F1C66B}.Debug|Any CPU.ActiveCfg = Debug|Any CPU
		{82C268E0-CFAF-415E-AA32-7A50B3F1C66B}.Release|Any CPU.ActiveCfg = Release|Any CPU
	EndGlobalSection
	GlobalSection(SolutionProperties) = preSolution
		HideSolutionNode = FALSE
	EndGlobalSection
	GlobalSection(ExtensibilityGlobals) = postSolution
		SolutionGuid = {DFC70692-755A-4A9C-A41E-1657CCF43671}
	EndGlobalSection
EndGlobal
